// !$*UTF8*$!
{
	archiveVersion = 1;
	classes = {
	};
	objectVersion = 56;
	objects = {

/* Begin PBXBuildFile section */
		6E0268C629D1DF7B00932885 /* ComposableArchitecture in Frameworks */ = {isa = PBXBuildFile; productRef = 6E0268C529D1DF7B00932885 /* ComposableArchitecture */; };
		6E69603729D47B9800858C6A /* MealView.swift in Sources */ = {isa = PBXBuildFile; fileRef = 6E69603629D47B9800858C6A /* MealView.swift */; };
		6EA3B13D29CDEB2F00A2BD6B /* MobileNetV2.mlmodel in Sources */ = {isa = PBXBuildFile; fileRef = 6EA3B13C29CDEB2F00A2BD6B /* MobileNetV2.mlmodel */; };
		6EBE43F629CC939700879256 /* CookMartApp.swift in Sources */ = {isa = PBXBuildFile; fileRef = 6EBE43F529CC939700879256 /* CookMartApp.swift */; };
		6EBE43F829CC939700879256 /* IngredientsView.swift in Sources */ = {isa = PBXBuildFile; fileRef = 6EBE43F729CC939700879256 /* IngredientsView.swift */; };
		6EBE43FA29CC939800879256 /* Assets.xcassets in Resources */ = {isa = PBXBuildFile; fileRef = 6EBE43F929CC939800879256 /* Assets.xcassets */; };
		6EBE43FD29CC939800879256 /* Preview Assets.xcassets in Resources */ = {isa = PBXBuildFile; fileRef = 6EBE43FC29CC939800879256 /* Preview Assets.xcassets */; };
		6EF4468C29D310CA00F62F8C /* IngredientView.swift in Sources */ = {isa = PBXBuildFile; fileRef = 6EF4468B29D310CA00F62F8C /* IngredientView.swift */; };
		6EF4468E29D3114400F62F8C /* Ingredient.swift in Sources */ = {isa = PBXBuildFile; fileRef = 6EF4468D29D3114400F62F8C /* Ingredient.swift */; };
		6EF4469029D3118300F62F8C /* Ingredients.swift in Sources */ = {isa = PBXBuildFile; fileRef = 6EF4468F29D3118300F62F8C /* Ingredients.swift */; };
		6EF4469429D31F7A00F62F8C /* ConcurencyTest.swift in Sources */ = {isa = PBXBuildFile; fileRef = 6EF4469329D31F7A00F62F8C /* ConcurencyTest.swift */; };
/* End PBXBuildFile section */

/* Begin PBXFileReference section */
		6E69603629D47B9800858C6A /* MealView.swift */ = {isa = PBXFileReference; lastKnownFileType = sourcecode.swift; path = MealView.swift; sourceTree = "<group>"; };
		6EA3B13C29CDEB2F00A2BD6B /* MobileNetV2.mlmodel */ = {isa = PBXFileReference; lastKnownFileType = file.mlmodel; path = MobileNetV2.mlmodel; sourceTree = "<group>"; };
		6EBE43F229CC939700879256 /* CookMart.app */ = {isa = PBXFileReference; explicitFileType = wrapper.application; includeInIndex = 0; path = CookMart.app; sourceTree = BUILT_PRODUCTS_DIR; };
		6EBE43F529CC939700879256 /* CookMartApp.swift */ = {isa = PBXFileReference; lastKnownFileType = sourcecode.swift; path = CookMartApp.swift; sourceTree = "<group>"; };
		6EBE43F729CC939700879256 /* IngredientsView.swift */ = {isa = PBXFileReference; lastKnownFileType = sourcecode.swift; path = IngredientsView.swift; sourceTree = "<group>"; };
		6EBE43F929CC939800879256 /* Assets.xcassets */ = {isa = PBXFileReference; lastKnownFileType = folder.assetcatalog; path = Assets.xcassets; sourceTree = "<group>"; };
		6EBE43FC29CC939800879256 /* Preview Assets.xcassets */ = {isa = PBXFileReference; lastKnownFileType = folder.assetcatalog; path = "Preview Assets.xcassets"; sourceTree = "<group>"; };
		6EF4468B29D310CA00F62F8C /* IngredientView.swift */ = {isa = PBXFileReference; lastKnownFileType = sourcecode.swift; path = IngredientView.swift; sourceTree = "<group>"; };
		6EF4468D29D3114400F62F8C /* Ingredient.swift */ = {isa = PBXFileReference; lastKnownFileType = sourcecode.swift; path = Ingredient.swift; sourceTree = "<group>"; };
		6EF4468F29D3118300F62F8C /* Ingredients.swift */ = {isa = PBXFileReference; lastKnownFileType = sourcecode.swift; path = Ingredients.swift; sourceTree = "<group>"; };
		6EF4469329D31F7A00F62F8C /* ConcurencyTest.swift */ = {isa = PBXFileReference; lastKnownFileType = sourcecode.swift; path = ConcurencyTest.swift; sourceTree = "<group>"; };
/* End PBXFileReference section */

/* Begin PBXFrameworksBuildPhase section */
		6EBE43EF29CC939700879256 /* Frameworks */ = {
			isa = PBXFrameworksBuildPhase;
			buildActionMask = 2147483647;
			files = (
				6E0268C629D1DF7B00932885 /* ComposableArchitecture in Frameworks */,
			);
			runOnlyForDeploymentPostprocessing = 0;
		};
/* End PBXFrameworksBuildPhase section */

/* Begin PBXGroup section */
		6EBE43E929CC939700879256 = {
			isa = PBXGroup;
			children = (
				6EBE43F429CC939700879256 /* CookMart */,
				6EBE43F329CC939700879256 /* Products */,
			);
			sourceTree = "<group>";
		};
		6EBE43F329CC939700879256 /* Products */ = {
			isa = PBXGroup;
			children = (
				6EBE43F229CC939700879256 /* CookMart.app */,
			);
			name = Products;
			sourceTree = "<group>";
		};
		6EBE43F429CC939700879256 /* CookMart */ = {
			isa = PBXGroup;
			children = (
				6EA3B13C29CDEB2F00A2BD6B /* MobileNetV2.mlmodel */,
				6EBE43F529CC939700879256 /* CookMartApp.swift */,
				6EF4469229D311C900F62F8C /* View */,
				6EF4469129D311B400F62F8C /* Reducer */,
				6EBE43F929CC939800879256 /* Assets.xcassets */,
				6EBE43FB29CC939800879256 /* Preview Content */,
			);
			path = CookMart;
			sourceTree = "<group>";
		};
		6EBE43FB29CC939800879256 /* Preview Content */ = {
			isa = PBXGroup;
			children = (
				6EBE43FC29CC939800879256 /* Preview Assets.xcassets */,
			);
			path = "Preview Content";
			sourceTree = "<group>";
		};
		6EF4469129D311B400F62F8C /* Reducer */ = {
			isa = PBXGroup;
			children = (
				6EF4468F29D3118300F62F8C /* Ingredients.swift */,
				6EF4468D29D3114400F62F8C /* Ingredient.swift */,
			);
			path = Reducer;
			sourceTree = "<group>";
		};
		6EF4469229D311C900F62F8C /* View */ = {
			isa = PBXGroup;
			children = (
				6EF4468B29D310CA00F62F8C /* IngredientView.swift */,
				6EBE43F729CC939700879256 /* IngredientsView.swift */,
				6EF4469329D31F7A00F62F8C /* ConcurencyTest.swift */,
				6E69603629D47B9800858C6A /* MealView.swift */,
			);
			path = View;
			sourceTree = "<group>";
		};
/* End PBXGroup section */

/* Begin PBXNativeTarget section */
		6EBE43F129CC939700879256 /* CookMart */ = {
			isa = PBXNativeTarget;
			buildConfigurationList = 6EBE440029CC939800879256 /* Build configuration list for PBXNativeTarget "CookMart" */;
			buildPhases = (
				6EBE43EE29CC939700879256 /* Sources */,
				6EBE43EF29CC939700879256 /* Frameworks */,
				6EBE43F029CC939700879256 /* Resources */,
			);
			buildRules = (
			);
			dependencies = (
			);
			name = CookMart;
			packageProductDependencies = (
				6E0268C529D1DF7B00932885 /* ComposableArchitecture */,
			);
			productName = CookMart;
			productReference = 6EBE43F229CC939700879256 /* CookMart.app */;
			productType = "com.apple.product-type.application";
		};
/* End PBXNativeTarget section */

/* Begin PBXProject section */
		6EBE43EA29CC939700879256 /* Project object */ = {
			isa = PBXProject;
			attributes = {
				BuildIndependentTargetsInParallel = 1;
				LastSwiftUpdateCheck = 1420;
				LastUpgradeCheck = 1420;
				TargetAttributes = {
					6EBE43F129CC939700879256 = {
						CreatedOnToolsVersion = 14.2;
					};
				};
			};
			buildConfigurationList = 6EBE43ED29CC939700879256 /* Build configuration list for PBXProject "CookMart" */;
			compatibilityVersion = "Xcode 14.0";
			developmentRegion = en;
			hasScannedForEncodings = 0;
			knownRegions = (
				en,
				Base,
			);
			mainGroup = 6EBE43E929CC939700879256;
			packageReferences = (
				6E0268C429D1DF7B00932885 /* XCRemoteSwiftPackageReference "swift-composable-architecture" */,
			);
			productRefGroup = 6EBE43F329CC939700879256 /* Products */;
			projectDirPath = "";
			projectRoot = "";
			targets = (
				6EBE43F129CC939700879256 /* CookMart */,
			);
		};
/* End PBXProject section */

/* Begin PBXResourcesBuildPhase section */
		6EBE43F029CC939700879256 /* Resources */ = {
			isa = PBXResourcesBuildPhase;
			buildActionMask = 2147483647;
			files = (
				6EBE43FD29CC939800879256 /* Preview Assets.xcassets in Resources */,
				6EBE43FA29CC939800879256 /* Assets.xcassets in Resources */,
			);
			runOnlyForDeploymentPostprocessing = 0;
		};
/* End PBXResourcesBuildPhase section */

/* Begin PBXSourcesBuildPhase section */
		6EBE43EE29CC939700879256 /* Sources */ = {
			isa = PBXSourcesBuildPhase;
			buildActionMask = 2147483647;
			files = (
				6EF4468E29D3114400F62F8C /* Ingredient.swift in Sources */,
				6EF4469029D3118300F62F8C /* Ingredients.swift in Sources */,
				6EBE43F829CC939700879256 /* IngredientsView.swift in Sources */,
				6E69603729D47B9800858C6A /* MealView.swift in Sources */,
				6EF4469429D31F7A00F62F8C /* ConcurencyTest.swift in Sources */,
				6EA3B13D29CDEB2F00A2BD6B /* MobileNetV2.mlmodel in Sources */,
				6EF4468C29D310CA00F62F8C /* IngredientView.swift in Sources */,
				6EBE43F629CC939700879256 /* CookMartApp.swift in Sources */,
			);
			runOnlyForDeploymentPostprocessing = 0;
		};
/* End PBXSourcesBuildPhase section */

/* Begin XCBuildConfiguration section */
		6EBE43FE29CC939800879256 /* Debug */ = {
			isa = XCBuildConfiguration;
			buildSettings = {
				ALWAYS_SEARCH_USER_PATHS = NO;
				CLANG_ANALYZER_NONNULL = YES;
				CLANG_ANALYZER_NUMBER_OBJECT_CONVERSION = YES_AGGRESSIVE;
				CLANG_CXX_LANGUAGE_STANDARD = "gnu++20";
				CLANG_ENABLE_MODULES = YES;
				CLANG_ENABLE_OBJC_ARC = YES;
				CLANG_ENABLE_OBJC_WEAK = YES;
				CLANG_WARN_BLOCK_CAPTURE_AUTORELEASING = YES;
				CLANG_WARN_BOOL_CONVERSION = YES;
				CLANG_WARN_COMMA = YES;
				CLANG_WARN_CONSTANT_CONVERSION = YES;
				CLANG_WARN_DEPRECATED_OBJC_IMPLEMENTATIONS = YES;
				CLANG_WARN_DIRECT_OBJC_ISA_USAGE = YES_ERROR;
				CLANG_WARN_DOCUMENTATION_COMMENTS = YES;
				CLANG_WARN_EMPTY_BODY = YES;
				CLANG_WARN_ENUM_CONVERSION = YES;
				CLANG_WARN_INFINITE_RECURSION = YES;
				CLANG_WARN_INT_CONVERSION = YES;
				CLANG_WARN_NON_LITERAL_NULL_CONVERSION = YES;
				CLANG_WARN_OBJC_IMPLICIT_RETAIN_SELF = YES;
				CLANG_WARN_OBJC_LITERAL_CONVERSION = YES;
				CLANG_WARN_OBJC_ROOT_CLASS = YES_ERROR;
				CLANG_WARN_QUOTED_INCLUDE_IN_FRAMEWORK_HEADER = YES;
				CLANG_WARN_RANGE_LOOP_ANALYSIS = YES;
				CLANG_WARN_STRICT_PROTOTYPES = YES;
				CLANG_WARN_SUSPICIOUS_MOVE = YES;
				CLANG_WARN_UNGUARDED_AVAILABILITY = YES_AGGRESSIVE;
				CLANG_WARN_UNREACHABLE_CODE = YES;
				CLANG_WARN__DUPLICATE_METHOD_MATCH = YES;
				COPY_PHASE_STRIP = NO;
				DEBUG_INFORMATION_FORMAT = dwarf;
				ENABLE_STRICT_OBJC_MSGSEND = YES;
				ENABLE_TESTABILITY = YES;
				GCC_C_LANGUAGE_STANDARD = gnu11;
				GCC_DYNAMIC_NO_PIC = NO;
				GCC_NO_COMMON_BLOCKS = YES;
				GCC_OPTIMIZATION_LEVEL = 0;
				GCC_PREPROCESSOR_DEFINITIONS = (
					"DEBUG=1",
					"$(inherited)",
				);
				GCC_WARN_64_TO_32_BIT_CONVERSION = YES;
				GCC_WARN_ABOUT_RETURN_TYPE = YES_ERROR;
				GCC_WARN_UNDECLARED_SELECTOR = YES;
				GCC_WARN_UNINITIALIZED_AUTOS = YES_AGGRESSIVE;
				GCC_WARN_UNUSED_FUNCTION = YES;
				GCC_WARN_UNUSED_VARIABLE = YES;
				IPHONEOS_DEPLOYMENT_TARGET = 16.2;
				MTL_ENABLE_DEBUG_INFO = INCLUDE_SOURCE;
				MTL_FAST_MATH = YES;
				ONLY_ACTIVE_ARCH = YES;
				SDKROOT = iphoneos;
				SWIFT_ACTIVE_COMPILATION_CONDITIONS = DEBUG;
				SWIFT_OPTIMIZATION_LEVEL = "-Onone";
			};
			name = Debug;
		};
		6EBE43FF29CC939800879256 /* Release */ = {
			isa = XCBuildConfiguration;
			buildSettings = {
				ALWAYS_SEARCH_USER_PATHS = NO;
				CLANG_ANALYZER_NONNULL = YES;
				CLANG_ANALYZER_NUMBER_OBJECT_CONVERSION = YES_AGGRESSIVE;
				CLANG_CXX_LANGUAGE_STANDARD = "gnu++20";
				CLANG_ENABLE_MODULES = YES;
				CLANG_ENABLE_OBJC_ARC = YES;
				CLANG_ENABLE_OBJC_WEAK = YES;
				CLANG_WARN_BLOCK_CAPTURE_AUTORELEASING = YES;
				CLANG_WARN_BOOL_CONVERSION = YES;
				CLANG_WARN_COMMA = YES;
				CLANG_WARN_CONSTANT_CONVERSION = YES;
				CLANG_WARN_DEPRECATED_OBJC_IMPLEMENTATIONS = YES;
				CLANG_WARN_DIRECT_OBJC_ISA_USAGE = YES_ERROR;
				CLANG_WARN_DOCUMENTATION_COMMENTS = YES;
				CLANG_WARN_EMPTY_BODY = YES;
				CLANG_WARN_ENUM_CONVERSION = YES;
				CLANG_WARN_INFINITE_RECURSION = YES;
				CLANG_WARN_INT_CONVERSION = YES;
				CLANG_WARN_NON_LITERAL_NULL_CONVERSION = YES;
				CLANG_WARN_OBJC_IMPLICIT_RETAIN_SELF = YES;
				CLANG_WARN_OBJC_LITERAL_CONVERSION = YES;
				CLANG_WARN_OBJC_ROOT_CLASS = YES_ERROR;
				CLANG_WARN_QUOTED_INCLUDE_IN_FRAMEWORK_HEADER = YES;
				CLANG_WARN_RANGE_LOOP_ANALYSIS = YES;
				CLANG_WARN_STRICT_PROTOTYPES = YES;
				CLANG_WARN_SUSPICIOUS_MOVE = YES;
				CLANG_WARN_UNGUARDED_AVAILABILITY = YES_AGGRESSIVE;
				CLANG_WARN_UNREACHABLE_CODE = YES;
				CLANG_WARN__DUPLICATE_METHOD_MATCH = YES;
				COPY_PHASE_STRIP = NO;
				DEBUG_INFORMATION_FORMAT = "dwarf-with-dsym";
				ENABLE_NS_ASSERTIONS = NO;
				ENABLE_STRICT_OBJC_MSGSEND = YES;
				GCC_C_LANGUAGE_STANDARD = gnu11;
				GCC_NO_COMMON_BLOCKS = YES;
				GCC_WARN_64_TO_32_BIT_CONVERSION = YES;
				GCC_WARN_ABOUT_RETURN_TYPE = YES_ERROR;
				GCC_WARN_UNDECLARED_SELECTOR = YES;
				GCC_WARN_UNINITIALIZED_AUTOS = YES_AGGRESSIVE;
				GCC_WARN_UNUSED_FUNCTION = YES;
				GCC_WARN_UNUSED_VARIABLE = YES;
				IPHONEOS_DEPLOYMENT_TARGET = 16.2;
				MTL_ENABLE_DEBUG_INFO = NO;
				MTL_FAST_MATH = YES;
				SDKROOT = iphoneos;
				SWIFT_COMPILATION_MODE = wholemodule;
				SWIFT_OPTIMIZATION_LEVEL = "-O";
				VALIDATE_PRODUCT = YES;
			};
			name = Release;
		};
		6EBE440129CC939800879256 /* Debug */ = {
			isa = XCBuildConfiguration;
			buildSettings = {
				ASSETCATALOG_COMPILER_APPICON_NAME = AppIcon;
				ASSETCATALOG_COMPILER_GLOBAL_ACCENT_COLOR_NAME = AccentColor;
				CODE_SIGN_STYLE = Automatic;
				CURRENT_PROJECT_VERSION = 1;
				DEVELOPMENT_ASSET_PATHS = "\"CookMart/Preview Content\"";
				DEVELOPMENT_TEAM = 8T58FH89LR;
				ENABLE_PREVIEWS = YES;
				GENERATE_INFOPLIST_FILE = YES;
				INFOPLIST_KEY_UIApplicationSceneManifest_Generation = YES;
				INFOPLIST_KEY_UIApplicationSupportsIndirectInputEvents = YES;
				INFOPLIST_KEY_UILaunchScreen_Generation = YES;
				INFOPLIST_KEY_UISupportedInterfaceOrientations_iPad = "UIInterfaceOrientationPortrait UIInterfaceOrientationPortraitUpsideDown UIInterfaceOrientationLandscapeLeft UIInterfaceOrientationLandscapeRight";
				INFOPLIST_KEY_UISupportedInterfaceOrientations_iPhone = "UIInterfaceOrientationPortrait UIInterfaceOrientationLandscapeLeft UIInterfaceOrientationLandscapeRight";
				LD_RUNPATH_SEARCH_PATHS = (
					"$(inherited)",
					"@executable_path/Frameworks",
				);
				MARKETING_VERSION = 1.0;
				PRODUCT_BUNDLE_IDENTIFIER = elyahk.CookMart;
				PRODUCT_NAME = "$(TARGET_NAME)";
				SWIFT_EMIT_LOC_STRINGS = YES;
				SWIFT_VERSION = 5.0;
				TARGETED_DEVICE_FAMILY = "1,2";
			};
			name = Debug;
		};
		6EBE440229CC939800879256 /* Release */ = {
			isa = XCBuildConfiguration;
			buildSettings = {
				ASSETCATALOG_COMPILER_APPICON_NAME = AppIcon;
				ASSETCATALOG_COMPILER_GLOBAL_ACCENT_COLOR_NAME = AccentColor;
				CODE_SIGN_STYLE = Automatic;
				CURRENT_PROJECT_VERSION = 1;
				DEVELOPMENT_ASSET_PATHS = "\"CookMart/Preview Content\"";
				DEVELOPMENT_TEAM = 8T58FH89LR;
				ENABLE_PREVIEWS = YES;
				GENERATE_INFOPLIST_FILE = YES;
				INFOPLIST_KEY_UIApplicationSceneManifest_Generation = YES;
				INFOPLIST_KEY_UIApplicationSupportsIndirectInputEvents = YES;
				INFOPLIST_KEY_UILaunchScreen_Generation = YES;
				INFOPLIST_KEY_UISupportedInterfaceOrientations_iPad = "UIInterfaceOrientationPortrait UIInterfaceOrientationPortraitUpsideDown UIInterfaceOrientationLandscapeLeft UIInterfaceOrientationLandscapeRight";
				INFOPLIST_KEY_UISupportedInterfaceOrientations_iPhone = "UIInterfaceOrientationPortrait UIInterfaceOrientationLandscapeLeft UIInterfaceOrientationLandscapeRight";
				LD_RUNPATH_SEARCH_PATHS = (
					"$(inherited)",
					"@executable_path/Frameworks",
				);
				MARKETING_VERSION = 1.0;
				PRODUCT_BUNDLE_IDENTIFIER = elyahk.CookMart;
				PRODUCT_NAME = "$(TARGET_NAME)";
				SWIFT_EMIT_LOC_STRINGS = YES;
				SWIFT_VERSION = 5.0;
				TARGETED_DEVICE_FAMILY = "1,2";
			};
			name = Release;
		};
/* End XCBuildConfiguration section */

/* Begin XCConfigurationList section */
		6EBE43ED29CC939700879256 /* Build configuration list for PBXProject "CookMart" */ = {
			isa = XCConfigurationList;
			buildConfigurations = (
				6EBE43FE29CC939800879256 /* Debug */,
				6EBE43FF29CC939800879256 /* Release */,
			);
			defaultConfigurationIsVisible = 0;
			defaultConfigurationName = Release;
		};
		6EBE440029CC939800879256 /* Build configuration list for PBXNativeTarget "CookMart" */ = {
			isa = XCConfigurationList;
			buildConfigurations = (
				6EBE440129CC939800879256 /* Debug */,
				6EBE440229CC939800879256 /* Release */,
			);
			defaultConfigurationIsVisible = 0;
			defaultConfigurationName = Release;
		};
/* End XCConfigurationList section */

/* Begin XCRemoteSwiftPackageReference section */
		6E0268C429D1DF7B00932885 /* XCRemoteSwiftPackageReference "swift-composable-architecture" */ = {
			isa = XCRemoteSwiftPackageReference;
			repositoryURL = "https://github.com/pointfreeco/swift-composable-architecture";
			requirement = {
				kind = upToNextMajorVersion;
				minimumVersion = 0.9.0;
			};
		};
/* End XCRemoteSwiftPackageReference section */

/* Begin XCSwiftPackageProductDependency section */
		6E0268C529D1DF7B00932885 /* ComposableArchitecture */ = {
			isa = XCSwiftPackageProductDependency;
			package = 6E0268C429D1DF7B00932885 /* XCRemoteSwiftPackageReference "swift-composable-architecture" */;
			productName = ComposableArchitecture;
		};
/* End XCSwiftPackageProductDependency section */
	};
	rootObject = 6EBE43EA29CC939700879256 /* Project object */;
}
